
Microsoft Visual Studio Solution File, Format Version 12.00
# Visual Studio Version 16
VisualStudioVersion = 16.0.28803.202
MinimumVisualStudioVersion = 10.0.40219.1
Project("{FAE04EC0-301F-11D3-BF4B-00C04F79EFBC}") = "homeWork4", "homeWork4\homeWork4.csproj", "{300AD47E-10AD-4E46-8BF4-E82A41F934EE}"
EndProject
Global
	GlobalSection(SolutionConfigurationPlatforms) = preSolution
		Debug|Any CPU = Debug|Any CPU
		Release|Any CPU = Release|Any CPU
	EndGlobalSection
	GlobalSection(ProjectConfigurationPlatforms) = postSolution
		{300AD47E-10AD-4E46-8BF4-E82A41F934EE}.Debug|Any CPU.ActiveCfg = Debug|Any CPU
		{300AD47E-10AD-4E46-8BF4-E82A41F934EE}.Debug|Any CPU.Build.0 = Debug|Any CPU
		{300AD47E-10AD-4E46-8BF4-E82A41F934EE}.Release|Any CPU.ActiveCfg = Release|Any CPU
		{300AD47E-10AD-4E46-8BF4-E82A41F934EE}.Release|Any CPU.Build.0 = Release|Any CPU
	EndGlobalSection
	GlobalSection(SolutionProperties) = preSolution
		HideSolutionNode = FALSE
	EndGlobalSection
	GlobalSection(ExtensibilityGlobals) = postSolution
		SolutionGuid = {668B272B-CFA7-4FFA-A77F-3DBF10D66EF9}
	EndGlobalSection
EndGlobal
